
Microsoft Visual Studio Solution File, Format Version 10.00
# Visual C++ Express 2008
Project("{8BC9CEB8-8B4A-11D0-8D11-00A0C91BC942}") = "4-half_sphere", "4-half_sphere\4-half_sphere.vcproj", "{8EE04C05-3FD4-466D-B82D-F6D020BB17DB}"
EndProject
Global
	GlobalSection(SolutionConfigurationPlatforms) = preSolution
		Debug|Win32 = Debug|Win32
		Release|Win32 = Release|Win32
	EndGlobalSection
	GlobalSection(ProjectConfigurationPlatforms) = postSolution
		{8EE04C05-3FD4-466D-B82D-F6D020BB17DB}.Debug|Win32.ActiveCfg = Debug|Win32
		{8EE04C05-3FD4-466D-B82D-F6D020BB17DB}.Debug|Win32.Build.0 = Debug|Win32
		{8EE04C05-3FD4-466D-B82D-F6D020BB17DB}.Release|Win32.ActiveCfg = Release|Win32
		{8EE04C05-3FD4-466D-B82D-F6D020BB17DB}.Release|Win32.Build.0 = Release|Win32
	EndGlobalSection
	GlobalSection(SolutionProperties) = preSolution
		HideSolutionNode = FALSE
	EndGlobalSection
EndGlobal
