
Microsoft Visual Studio Solution File, Format Version 10.00
# Visual C++ Express 2008
Project("{8BC9CEB8-8B4A-11D0-8D11-00A0C91BC942}") = "1-basic", "1-basic\1-basic.vcproj", "{34A5C1E4-7F30-4166-81D7-B27D570D7CB7}"
EndProject
Global
	GlobalSection(SolutionConfigurationPlatforms) = preSolution
		Debug|Win32 = Debug|Win32
		Release|Win32 = Release|Win32
	EndGlobalSection
	GlobalSection(ProjectConfigurationPlatforms) = postSolution
		{34A5C1E4-7F30-4166-81D7-B27D570D7CB7}.Debug|Win32.ActiveCfg = Debug|Win32
		{34A5C1E4-7F30-4166-81D7-B27D570D7CB7}.Debug|Win32.Build.0 = Debug|Win32
		{34A5C1E4-7F30-4166-81D7-B27D570D7CB7}.Release|Win32.ActiveCfg = Release|Win32
		{34A5C1E4-7F30-4166-81D7-B27D570D7CB7}.Release|Win32.Build.0 = Release|Win32
	EndGlobalSection
	GlobalSection(SolutionProperties) = preSolution
		HideSolutionNode = FALSE
	EndGlobalSection
EndGlobal
